
Microsoft Visual Studio Solution File, Format Version 12.00
# Visual Studio Version 17
VisualStudioVersion = 17.1.32210.238
MinimumVisualStudioVersion = 10.0.40219.1
Project("{9A19103F-16F7-4668-BE54-9A1E7A4F7556}") = "Day37EmployeeManagement", "Day37EmployeeManagement\Day37EmployeeManagement.csproj", "{C3D90523-5958-4E0E-AF59-6814FDD7F3F9}"
EndProject
Project("{FAE04EC0-301F-11D3-BF4B-00C04F79EFBC}") = "TestProject1", "TestProject1\TestProject1.csproj", "{F8CE3393-E250-4ED2-93F5-658F371C3F93}"
EndProject
Global
	GlobalSection(SolutionConfigurationPlatforms) = preSolution
		Debug|Any CPU = Debug|Any CPU
		Release|Any CPU = Release|Any CPU
	EndGlobalSection
	GlobalSection(ProjectConfigurationPlatforms) = postSolution
		{C3D90523-5958-4E0E-AF59-6814FDD7F3F9}.Debug|Any CPU.ActiveCfg = Debug|Any CPU
		{C3D90523-5958-4E0E-AF59-6814FDD7F3F9}.Debug|Any CPU.Build.0 = Debug|Any CPU
		{C3D90523-5958-4E0E-AF59-6814FDD7F3F9}.Release|Any CPU.ActiveCfg = Release|Any CPU
		{C3D90523-5958-4E0E-AF59-6814FDD7F3F9}.Release|Any CPU.Build.0 = Release|Any CPU
		{F8CE3393-E250-4ED2-93F5-658F371C3F93}.Debug|Any CPU.ActiveCfg = Debug|Any CPU
		{F8CE3393-E250-4ED2-93F5-658F371C3F93}.Debug|Any CPU.Build.0 = Debug|Any CPU
		{F8CE3393-E250-4ED2-93F5-658F371C3F93}.Release|Any CPU.ActiveCfg = Release|Any CPU
		{F8CE3393-E250-4ED2-93F5-658F371C3F93}.Release|Any CPU.Build.0 = Release|Any CPU
	EndGlobalSection
	GlobalSection(SolutionProperties) = preSolution
		HideSolutionNode = FALSE
	EndGlobalSection
	GlobalSection(ExtensibilityGlobals) = postSolution
		SolutionGuid = {CEA7B599-2820-4E1F-9FB9-84BD99683A85}
	EndGlobalSection
EndGlobal
